
Microsoft Visual Studio Solution File, Format Version 12.00
# Visual Studio Version 16
VisualStudioVersion = 16.0.30309.148
MinimumVisualStudioVersion = 10.0.40219.1
Project("{FAE04EC0-301F-11D3-BF4B-00C04F79EFBC}") = "01.Username", "01.Username\01.Username.csproj", "{F4B54436-63BE-4E78-B0D5-DF9ECF6D98EE}"
EndProject
Project("{FAE04EC0-301F-11D3-BF4B-00C04F79EFBC}") = "02.Password", "02.Password\02.Password.csproj", "{22D56D5D-9B69-4A14-A3DC-6931D065FF98}"
EndProject
Project("{FAE04EC0-301F-11D3-BF4B-00C04F79EFBC}") = "03.Followers", "03.Followers\03.Followers.csproj", "{1CCB91F9-DBEA-49F6-AC08-A999279B3EB4}"
EndProject
Global
	GlobalSection(SolutionConfigurationPlatforms) = preSolution
		Debug|Any CPU = Debug|Any CPU
		Release|Any CPU = Release|Any CPU
	EndGlobalSection
	GlobalSection(ProjectConfigurationPlatforms) = postSolution
		{F4B54436-63BE-4E78-B0D5-DF9ECF6D98EE}.Debug|Any CPU.ActiveCfg = Debug|Any CPU
		{F4B54436-63BE-4E78-B0D5-DF9ECF6D98EE}.Debug|Any CPU.Build.0 = Debug|Any CPU
		{F4B54436-63BE-4E78-B0D5-DF9ECF6D98EE}.Release|Any CPU.ActiveCfg = Release|Any CPU
		{F4B54436-63BE-4E78-B0D5-DF9ECF6D98EE}.Release|Any CPU.Build.0 = Release|Any CPU
		{22D56D5D-9B69-4A14-A3DC-6931D065FF98}.Debug|Any CPU.ActiveCfg = Debug|Any CPU
		{22D56D5D-9B69-4A14-A3DC-6931D065FF98}.Debug|Any CPU.Build.0 = Debug|Any CPU
		{22D56D5D-9B69-4A14-A3DC-6931D065FF98}.Release|Any CPU.ActiveCfg = Release|Any CPU
		{22D56D5D-9B69-4A14-A3DC-6931D065FF98}.Release|Any CPU.Build.0 = Release|Any CPU
		{1CCB91F9-DBEA-49F6-AC08-A999279B3EB4}.Debug|Any CPU.ActiveCfg = Debug|Any CPU
		{1CCB91F9-DBEA-49F6-AC08-A999279B3EB4}.Debug|Any CPU.Build.0 = Debug|Any CPU
		{1CCB91F9-DBEA-49F6-AC08-A999279B3EB4}.Release|Any CPU.ActiveCfg = Release|Any CPU
		{1CCB91F9-DBEA-49F6-AC08-A999279B3EB4}.Release|Any CPU.Build.0 = Release|Any CPU
	EndGlobalSection
	GlobalSection(SolutionProperties) = preSolution
		HideSolutionNode = FALSE
	EndGlobalSection
	GlobalSection(ExtensibilityGlobals) = postSolution
		SolutionGuid = {6392183D-C65C-4E79-9088-B737B5AF61E2}
	EndGlobalSection
EndGlobal
