
Microsoft Visual Studio Solution File, Format Version 12.00
# Visual Studio Version 16
VisualStudioVersion = 16.0.30309.148
MinimumVisualStudioVersion = 10.0.40219.1
Project("{9A19103F-16F7-4668-BE54-9A1E7A4F7556}") = "03.P!rates", "FinalExam04.04.2020\03.P!rates.csproj", "{9BA441BC-98B6-4F83-9B58-E3A347DBFECA}"
EndProject
Project("{FAE04EC0-301F-11D3-BF4B-00C04F79EFBC}") = "01. ActivationKeys", "01. ActivationKeys\01. ActivationKeys.csproj", "{ED55E7AB-00B7-4B00-AE4D-F75F85825637}"
EndProject
Project("{FAE04EC0-301F-11D3-BF4B-00C04F79EFBC}") = "02.EmojiDetector", "02.EmojiDetector\02.EmojiDetector.csproj", "{8CB23471-B495-49AA-8D37-52618913744A}"
EndProject
Global
	GlobalSection(SolutionConfigurationPlatforms) = preSolution
		Debug|Any CPU = Debug|Any CPU
		Release|Any CPU = Release|Any CPU
	EndGlobalSection
	GlobalSection(ProjectConfigurationPlatforms) = postSolution
		{9BA441BC-98B6-4F83-9B58-E3A347DBFECA}.Debug|Any CPU.ActiveCfg = Debug|Any CPU
		{9BA441BC-98B6-4F83-9B58-E3A347DBFECA}.Debug|Any CPU.Build.0 = Debug|Any CPU
		{9BA441BC-98B6-4F83-9B58-E3A347DBFECA}.Release|Any CPU.ActiveCfg = Release|Any CPU
		{9BA441BC-98B6-4F83-9B58-E3A347DBFECA}.Release|Any CPU.Build.0 = Release|Any CPU
		{ED55E7AB-00B7-4B00-AE4D-F75F85825637}.Debug|Any CPU.ActiveCfg = Debug|Any CPU
		{ED55E7AB-00B7-4B00-AE4D-F75F85825637}.Debug|Any CPU.Build.0 = Debug|Any CPU
		{ED55E7AB-00B7-4B00-AE4D-F75F85825637}.Release|Any CPU.ActiveCfg = Release|Any CPU
		{ED55E7AB-00B7-4B00-AE4D-F75F85825637}.Release|Any CPU.Build.0 = Release|Any CPU
		{8CB23471-B495-49AA-8D37-52618913744A}.Debug|Any CPU.ActiveCfg = Debug|Any CPU
		{8CB23471-B495-49AA-8D37-52618913744A}.Debug|Any CPU.Build.0 = Debug|Any CPU
		{8CB23471-B495-49AA-8D37-52618913744A}.Release|Any CPU.ActiveCfg = Release|Any CPU
		{8CB23471-B495-49AA-8D37-52618913744A}.Release|Any CPU.Build.0 = Release|Any CPU
	EndGlobalSection
	GlobalSection(SolutionProperties) = preSolution
		HideSolutionNode = FALSE
	EndGlobalSection
	GlobalSection(ExtensibilityGlobals) = postSolution
		SolutionGuid = {607738FB-48D3-4B87-AF0C-FA07CD499FA1}
	EndGlobalSection
EndGlobal
